// !$*UTF8*$!
{
	archiveVersion = 1;
	classes = {
	};
	objectVersion = 50;
	objects = {

/* Begin PBXBuildFile section */
		FC04FC7D23B63F7000131808 /* AppDelegate.swift in Sources */ = {isa = PBXBuildFile; fileRef = FC04FC7C23B63F7000131808 /* AppDelegate.swift */; };
		FC04FC7F23B63F7000131808 /* SceneDelegate.swift in Sources */ = {isa = PBXBuildFile; fileRef = FC04FC7E23B63F7000131808 /* SceneDelegate.swift */; };
		FC04FC8123B63F7000131808 /* ContentView.swift in Sources */ = {isa = PBXBuildFile; fileRef = FC04FC8023B63F7000131808 /* ContentView.swift */; };
		FC04FC8323B63F7300131808 /* Assets.xcassets in Resources */ = {isa = PBXBuildFile; fileRef = FC04FC8223B63F7300131808 /* Assets.xcassets */; };
		FC04FC8623B63F7300131808 /* Preview Assets.xcassets in Resources */ = {isa = PBXBuildFile; fileRef = FC04FC8523B63F7300131808 /* Preview Assets.xcassets */; };
		FC04FC8923B63F7300131808 /* LaunchScreen.storyboard in Resources */ = {isa = PBXBuildFile; fileRef = FC04FC8723B63F7300131808 /* LaunchScreen.storyboard */; };
		FC04FC9123B67BEC00131808 /* Extensions.swift in Sources */ = {isa = PBXBuildFile; fileRef = FC04FC9023B67BEC00131808 /* Extensions.swift */; };
/* End PBXBuildFile section */

/* Begin PBXFileReference section */
		FC04FC7923B63F7000131808 /* DiceGames.app */ = {isa = PBXFileReference; explicitFileType = wrapper.application; includeInIndex = 0; path = DiceGames.app; sourceTree = BUILT_PRODUCTS_DIR; };
		FC04FC7C23B63F7000131808 /* AppDelegate.swift */ = {isa = PBXFileReference; lastKnownFileType = sourcecode.swift; path = AppDelegate.swift; sourceTree = "<group>"; };
		FC04FC7E23B63F7000131808 /* SceneDelegate.swift */ = {isa = PBXFileReference; lastKnownFileType = sourcecode.swift; path = SceneDelegate.swift; sourceTree = "<group>"; };
		FC04FC8023B63F7000131808 /* ContentView.swift */ = {isa = PBXFileReference; lastKnownFileType = sourcecode.swift; path = ContentView.swift; sourceTree = "<group>"; };
		FC04FC8223B63F7300131808 /* Assets.xcassets */ = {isa = PBXFileReference; lastKnownFileType = folder.assetcatalog; path = Assets.xcassets; sourceTree = "<group>"; };
		FC04FC8523B63F7300131808 /* Preview Assets.xcassets */ = {isa = PBXFileReference; lastKnownFileType = folder.assetcatalog; path = "Preview Assets.xcassets"; sourceTree = "<group>"; };
		FC04FC8823B63F7300131808 /* Base */ = {isa = PBXFileReference; lastKnownFileType = file.storyboard; name = Base; path = Base.lproj/LaunchScreen.storyboard; sourceTree = "<group>"; };
		FC04FC8A23B63F7300131808 /* Info.plist */ = {isa = PBXFileReference; lastKnownFileType = text.plist.xml; path = Info.plist; sourceTree = "<group>"; };
		FC04FC9023B67BEC00131808 /* Extensions.swift */ = {isa = PBXFileReference; lastKnownFileType = sourcecode.swift; path = Extensions.swift; sourceTree = "<group>"; };
/* End PBXFileReference section */

/* Begin PBXFrameworksBuildPhase section */
		FC04FC7623B63F7000131808 /* Frameworks */ = {
			isa = PBXFrameworksBuildPhase;
			buildActionMask = 2147483647;
			files = (
			);
			runOnlyForDeploymentPostprocessing = 0;
		};
/* End PBXFrameworksBuildPhase section */

/* Begin PBXGroup section */
		FC04FC7023B63F7000131808 = {
			isa = PBXGroup;
			children = (
				FC04FC7B23B63F7000131808 /* DiceGames */,
				FC04FC7A23B63F7000131808 /* Products */,
			);
			sourceTree = "<group>";
		};
		FC04FC7A23B63F7000131808 /* Products */ = {
			isa = PBXGroup;
			children = (
				FC04FC7923B63F7000131808 /* DiceGames.app */,
			);
			name = Products;
			sourceTree = "<group>";
		};
		FC04FC7B23B63F7000131808 /* DiceGames */ = {
			isa = PBXGroup;
			children = (
				FC04FC9023B67BEC00131808 /* Extensions.swift */,
				FC04FC7C23B63F7000131808 /* AppDelegate.swift */,
				FC04FC7E23B63F7000131808 /* SceneDelegate.swift */,
				FC04FC8023B63F7000131808 /* ContentView.swift */,
				FC04FC8223B63F7300131808 /* Assets.xcassets */,
				FC04FC8723B63F7300131808 /* LaunchScreen.storyboard */,
				FC04FC8A23B63F7300131808 /* Info.plist */,
				FC04FC8423B63F7300131808 /* Preview Content */,
			);
			path = DiceGames;
			sourceTree = "<group>";
		};
		FC04FC8423B63F7300131808 /* Preview Content */ = {
			isa = PBXGroup;
			children = (
				FC04FC8523B63F7300131808 /* Preview Assets.xcassets */,
			);
			path = "Preview Content";
			sourceTree = "<group>";
		};
/* End PBXGroup section */

/* Begin PBXNativeTarget section */
		FC04FC7823B63F7000131808 /* DiceGames */ = {
			isa = PBXNativeTarget;
			buildConfigurationList = FC04FC8D23B63F7300131808 /* Build configuration list for PBXNativeTarget "DiceGames" */;
			buildPhases = (
				FC04FC7523B63F7000131808 /* Sources */,
				FC04FC7623B63F7000131808 /* Frameworks */,
				FC04FC7723B63F7000131808 /* Resources */,
			);
			buildRules = (
			);
			dependencies = (
			);
			name = DiceGames;
			productName = DiceGames;
			productReference = FC04FC7923B63F7000131808 /* DiceGames.app */;
			productType = "com.apple.product-type.application";
		};
/* End PBXNativeTarget section */

/* Begin PBXProject section */
		FC04FC7123B63F7000131808 /* Project object */ = {
			isa = PBXProject;
			attributes = {
				LastSwiftUpdateCheck = 1120;
				LastUpgradeCheck = 1120;
				ORGANIZATIONNAME = "Luc Derosne";
				TargetAttributes = {
					FC04FC7823B63F7000131808 = {
						CreatedOnToolsVersion = 11.2.1;
					};
				};
			};
			buildConfigurationList = FC04FC7423B63F7000131808 /* Build configuration list for PBXProject "DiceGames" */;
			compatibilityVersion = "Xcode 9.3";
			developmentRegion = en;
			hasScannedForEncodings = 0;
			knownRegions = (
				en,
				Base,
			);
			mainGroup = FC04FC7023B63F7000131808;
			productRefGroup = FC04FC7A23B63F7000131808 /* Products */;
			projectDirPath = "";
			projectRoot = "";
			targets = (
				FC04FC7823B63F7000131808 /* DiceGames */,
			);
		};
/* End PBXProject section */

/* Begin PBXResourcesBuildPhase section */
		FC04FC7723B63F7000131808 /* Resources */ = {
			isa = PBXResourcesBuildPhase;
			buildActionMask = 2147483647;
			files = (
				FC04FC8923B63F7300131808 /* LaunchScreen.storyboard in Resources */,
				FC04FC8623B63F7300131808 /* Preview Assets.xcassets in Resources */,
				FC04FC8323B63F7300131808 /* Assets.xcassets in Resources */,
			);
			runOnlyForDeploymentPostprocessing = 0;
		};
/* End PBXResourcesBuildPhase section */

/* Begin PBXSourcesBuildPhase section */
		FC04FC7523B63F7000131808 /* Sources */ = {
			isa = PBXSourcesBuildPhase;
			buildActionMask = 2147483647;
			files = (
				FC04FC7D23B63F7000131808 /* AppDelegate.swift in Sources */,
				FC04FC7F23B63F7000131808 /* SceneDelegate.swift in Sources */,
				FC04FC8123B63F7000131808 /* ContentView.swift in Sources */,
				FC04FC9123B67BEC00131808 /* Extensions.swift in Sources */,
			);
			runOnlyForDeploymentPostprocessing = 0;
		};
/* End PBXSourcesBuildPhase section */

/* Begin PBXVariantGroup section */
		FC04FC8723B63F7300131808 /* LaunchScreen.storyboard */ = {
			isa = PBXVariantGroup;
			children = (
				FC04FC8823B63F7300131808 /* Base */,
			);
			name = LaunchScreen.storyboard;
			sourceTree = "<group>";
		};
/* End PBXVariantGroup section */

/* Begin XCBuildConfiguration section */
		FC04FC8B23B63F7300131808 /* Debug */ = {
			isa = XCBuildConfiguration;
			buildSettings = {
				ALWAYS_SEARCH_USER_PATHS = NO;
				CLANG_ANALYZER_NONNULL = YES;
				CLANG_ANALYZER_NUMBER_OBJECT_CONVERSION = YES_AGGRESSIVE;
				CLANG_CXX_LANGUAGE_STANDARD = "gnu++14";
				CLANG_CXX_LIBRARY = "libc++";
				CLANG_ENABLE_MODULES = YES;
				CLANG_ENABLE_OBJC_ARC = YES;
				CLANG_ENABLE_OBJC_WEAK = YES;
				CLANG_WARN_BLOCK_CAPTURE_AUTORELEASING = YES;
				CLANG_WARN_BOOL_CONVERSION = YES;
				CLANG_WARN_COMMA = YES;
				CLANG_WARN_CONSTANT_CONVERSION = YES;
				CLANG_WARN_DEPRECATED_OBJC_IMPLEMENTATIONS = YES;
				CLANG_WARN_DIRECT_OBJC_ISA_USAGE = YES_ERROR;
				CLANG_WARN_DOCUMENTATION_COMMENTS = YES;
				CLANG_WARN_EMPTY_BODY = YES;
				CLANG_WARN_ENUM_CONVERSION = YES;
				CLANG_WARN_INFINITE_RECURSION = YES;
				CLANG_WARN_INT_CONVERSION = YES;
				CLANG_WARN_NON_LITERAL_NULL_CONVERSION = YES;
				CLANG_WARN_OBJC_IMPLICIT_RETAIN_SELF = YES;
				CLANG_WARN_OBJC_LITERAL_CONVERSION = YES;
				CLANG_WARN_OBJC_ROOT_CLASS = YES_ERROR;
				CLANG_WARN_RANGE_LOOP_ANALYSIS = YES;
				CLANG_WARN_STRICT_PROTOTYPES = YES;
				CLANG_WARN_SUSPICIOUS_MOVE = YES;
				CLANG_WARN_UNGUARDED_AVAILABILITY = YES_AGGRESSIVE;
				CLANG_WARN_UNREACHABLE_CODE = YES;
				CLANG_WARN__DUPLICATE_METHOD_MATCH = YES;
				COPY_PHASE_STRIP = NO;
				DEBUG_INFORMATION_FORMAT = dwarf;
				ENABLE_STRICT_OBJC_MSGSEND = YES;
				ENABLE_TESTABILITY = YES;
				GCC_C_LANGUAGE_STANDARD = gnu11;
				GCC_DYNAMIC_NO_PIC = NO;
				GCC_NO_COMMON_BLOCKS = YES;
				GCC_OPTIMIZATION_LEVEL = 0;
				GCC_PREPROCESSOR_DEFINITIONS = (
					"DEBUG=1",
					"$(inherited)",
				);
				GCC_WARN_64_TO_32_BIT_CONVERSION = YES;
				GCC_WARN_ABOUT_RETURN_TYPE = YES_ERROR;
				GCC_WARN_UNDECLARED_SELECTOR = YES;
				GCC_WARN_UNINITIALIZED_AUTOS = YES_AGGRESSIVE;
				GCC_WARN_UNUSED_FUNCTION = YES;
				GCC_WARN_UNUSED_VARIABLE = YES;
				IPHONEOS_DEPLOYMENT_TARGET = 13.2;
				MTL_ENABLE_DEBUG_INFO = INCLUDE_SOURCE;
				MTL_FAST_MATH = YES;
				ONLY_ACTIVE_ARCH = YES;
				SDKROOT = iphoneos;
				SWIFT_ACTIVE_COMPILATION_CONDITIONS = DEBUG;
				SWIFT_OPTIMIZATION_LEVEL = "-Onone";
			};
			name = Debug;
		};
		FC04FC8C23B63F7300131808 /* Release */ = {
			isa = XCBuildConfiguration;
			buildSettings = {
				ALWAYS_SEARCH_USER_PATHS = NO;
				CLANG_ANALYZER_NONNULL = YES;
				CLANG_ANALYZER_NUMBER_OBJECT_CONVERSION = YES_AGGRESSIVE;
				CLANG_CXX_LANGUAGE_STANDARD = "gnu++14";
				CLANG_CXX_LIBRARY = "libc++";
				CLANG_ENABLE_MODULES = YES;
				CLANG_ENABLE_OBJC_ARC = YES;
				CLANG_ENABLE_OBJC_WEAK = YES;
				CLANG_WARN_BLOCK_CAPTURE_AUTORELEASING = YES;
				CLANG_WARN_BOOL_CONVERSION = YES;
				CLANG_WARN_COMMA = YES;
				CLANG_WARN_CONSTANT_CONVERSION = YES;
				CLANG_WARN_DEPRECATED_OBJC_IMPLEMENTATIONS = YES;
				CLANG_WARN_DIRECT_OBJC_ISA_USAGE = YES_ERROR;
				CLANG_WARN_DOCUMENTATION_COMMENTS = YES;
				CLANG_WARN_EMPTY_BODY = YES;
				CLANG_WARN_ENUM_CONVERSION = YES;
				CLANG_WARN_INFINITE_RECURSION = YES;
				CLANG_WARN_INT_CONVERSION = YES;
				CLANG_WARN_NON_LITERAL_NULL_CONVERSION = YES;
				CLANG_WARN_OBJC_IMPLICIT_RETAIN_SELF = YES;
				CLANG_WARN_OBJC_LITERAL_CONVERSION = YES;
				CLANG_WARN_OBJC_ROOT_CLASS = YES_ERROR;
				CLANG_WARN_RANGE_LOOP_ANALYSIS = YES;
				CLANG_WARN_STRICT_PROTOTYPES = YES;
				CLANG_WARN_SUSPICIOUS_MOVE = YES;
				CLANG_WARN_UNGUARDED_AVAILABILITY = YES_AGGRESSIVE;
				CLANG_WARN_UNREACHABLE_CODE = YES;
				CLANG_WARN__DUPLICATE_METHOD_MATCH = YES;
				COPY_PHASE_STRIP = NO;
				DEBUG_INFORMATION_FORMAT = "dwarf-with-dsym";
				ENABLE_NS_ASSERTIONS = NO;
				ENABLE_STRICT_OBJC_MSGSEND = YES;
				GCC_C_LANGUAGE_STANDARD = gnu11;
				GCC_NO_COMMON_BLOCKS = YES;
				GCC_WARN_64_TO_32_BIT_CONVERSION = YES;
				GCC_WARN_ABOUT_RETURN_TYPE = YES_ERROR;
				GCC_WARN_UNDECLARED_SELECTOR = YES;
				GCC_WARN_UNINITIALIZED_AUTOS = YES_AGGRESSIVE;
				GCC_WARN_UNUSED_FUNCTION = YES;
				GCC_WARN_UNUSED_VARIABLE = YES;
				IPHONEOS_DEPLOYMENT_TARGET = 13.2;
				MTL_ENABLE_DEBUG_INFO = NO;
				MTL_FAST_MATH = YES;
				SDKROOT = iphoneos;
				SWIFT_COMPILATION_MODE = wholemodule;
				SWIFT_OPTIMIZATION_LEVEL = "-O";
				VALIDATE_PRODUCT = YES;
			};
			name = Release;
		};
		FC04FC8E23B63F7300131808 /* Debug */ = {
			isa = XCBuildConfiguration;
			buildSettings = {
				ASSETCATALOG_COMPILER_APPICON_NAME = AppIcon;
				CODE_SIGN_STYLE = Automatic;
				DEVELOPMENT_ASSET_PATHS = "\"DiceGames/Preview Content\"";
				DEVELOPMENT_TEAM = Y7TNCJPS5N;
				ENABLE_PREVIEWS = YES;
				INFOPLIST_FILE = DiceGames/Info.plist;
				LD_RUNPATH_SEARCH_PATHS = (
					"$(inherited)",
					"@executable_path/Frameworks",
				);
				PRODUCT_BUNDLE_IDENTIFIER = com.ac10qt.DiceGames;
				PRODUCT_NAME = "$(TARGET_NAME)";
				SWIFT_VERSION = 5.0;
				TARGETED_DEVICE_FAMILY = "1,2";
			};
			name = Debug;
		};
		FC04FC8F23B63F7300131808 /* Release */ = {
			isa = XCBuildConfiguration;
			buildSettings = {
				ASSETCATALOG_COMPILER_APPICON_NAME = AppIcon;
				CODE_SIGN_STYLE = Automatic;
				DEVELOPMENT_ASSET_PATHS = "\"DiceGames/Preview Content\"";
				DEVELOPMENT_TEAM = Y7TNCJPS5N;
				ENABLE_PREVIEWS = YES;
				INFOPLIST_FILE = DiceGames/Info.plist;
				LD_RUNPATH_SEARCH_PATHS = (
					"$(inherited)",
					"@executable_path/Frameworks",
				);
				PRODUCT_BUNDLE_IDENTIFIER = com.ac10qt.DiceGames;
				PRODUCT_NAME = "$(TARGET_NAME)";
				SWIFT_VERSION = 5.0;
				TARGETED_DEVICE_FAMILY = "1,2";
			};
			name = Release;
		};
/* End XCBuildConfiguration section */

/* Begin XCConfigurationList section */
		FC04FC7423B63F7000131808 /* Build configuration list for PBXProject "DiceGames" */ = {
			isa = XCConfigurationList;
			buildConfigurations = (
				FC04FC8B23B63F7300131808 /* Debug */,
				FC04FC8C23B63F7300131808 /* Release */,
			);
			defaultConfigurationIsVisible = 0;
			defaultConfigurationName = Release;
		};
		FC04FC8D23B63F7300131808 /* Build configuration list for PBXNativeTarget "DiceGames" */ = {
			isa = XCConfigurationList;
			buildConfigurations = (
				FC04FC8E23B63F7300131808 /* Debug */,
				FC04FC8F23B63F7300131808 /* Release */,
			);
			defaultConfigurationIsVisible = 0;
			defaultConfigurationName = Release;
		};
/* End XCConfigurationList section */
	};
	rootObject = FC04FC7123B63F7000131808 /* Project object */;
}
